{
  "requires": true,
  "lockfileVersion": 1,
  "dependencies": {
    "generic-rk": {
      "version": "1.0.6",
      "resolved": "https://registry.npmjs.org/generic-rk/-/generic-rk-1.0.6.tgz",
      "integrity": "sha512-buYgBfB2vA13bHj/sJ1/90iFMtLDSON+VDNDErotfe+iLHdE9wIS68Kk+m5Ddftc3+ubzO4KO0pYbmwbEGzdBw=="
    }
  }
}
