{
  "requires": true,
  "lockfileVersion": 1,
  "dependencies": {
    "generic-rk": {
      "version": "1.0.8",
      "resolved": "https://registry.npmjs.org/generic-rk/-/generic-rk-1.0.8.tgz",
      "integrity": "sha512-MjF6HyXfN3o0+bIUrEnPqZM/VUsJguqBL0aRngkmIt8haWcvlLq9aIQP3cPRX9gjnJ7EErc9jgUboXnlbFffig=="
    }
  }
}
