{
  "requires": true,
  "lockfileVersion": 1,
  "dependencies": {
    "generic-rk": {
      "version": "1.0.5",
      "resolved": "https://registry.npmjs.org/generic-rk/-/generic-rk-1.0.5.tgz",
      "integrity": "sha512-/4fah2NnspHxlMFKr/xZUd5aZC/ActwtjEWzz+bCdWUSRpskGrV9WG2vJIOkwfTHVFWmMB/Pj++zwzruG8034w=="
    }
  }
}
